// !$*UTF8*$!
{
	archiveVersion = 1;
	classes = {
	};
	objectVersion = 55;
	objects = {

/* Begin PBXBuildFile section */
		3A130D2527734A3500280256 /* ProfileCollectionCell.swift in Sources */ = {isa = PBXBuildFile; fileRef = 3A130D2327734A3500280256 /* ProfileCollectionCell.swift */; };
		3A130D2627734A3500280256 /* ProfileCollectionCell.xib in Resources */ = {isa = PBXBuildFile; fileRef = 3A130D2427734A3500280256 /* ProfileCollectionCell.xib */; };
		3A130D2827734C4000280256 /* ProfileCollectionViewController.swift in Sources */ = {isa = PBXBuildFile; fileRef = 3A130D2727734C4000280256 /* ProfileCollectionViewController.swift */; };
		3A31742B27751C4900FA03CE /* GradientView.swift in Sources */ = {isa = PBXBuildFile; fileRef = 3A31742A27751C4900FA03CE /* GradientView.swift */; };
		3A3F1E97276BDD9D0058FD50 /* AppDelegate.swift in Sources */ = {isa = PBXBuildFile; fileRef = 3A3F1E96276BDD9D0058FD50 /* AppDelegate.swift */; };
		3A3F1E99276BDD9D0058FD50 /* SceneDelegate.swift in Sources */ = {isa = PBXBuildFile; fileRef = 3A3F1E98276BDD9D0058FD50 /* SceneDelegate.swift */; };
		3A3F1E9B276BDD9D0058FD50 /* LoginViewController.swift in Sources */ = {isa = PBXBuildFile; fileRef = 3A3F1E9A276BDD9D0058FD50 /* LoginViewController.swift */; };
		3A3F1EA3276BDD9E0058FD50 /* LaunchScreen.storyboard in Resources */ = {isa = PBXBuildFile; fileRef = 3A3F1EA1276BDD9E0058FD50 /* LaunchScreen.storyboard */; };
		3A3F1EAE276BDE640058FD50 /* Main.storyboard in Resources */ = {isa = PBXBuildFile; fileRef = 3A3F1EAD276BDE640058FD50 /* Main.storyboard */; };
		3A41839A27762C6A004980D6 /* LogoView.swift in Sources */ = {isa = PBXBuildFile; fileRef = 3A41839927762C6A004980D6 /* LogoView.swift */; };
		3A41839C2776321A004980D6 /* AvatarView.swift in Sources */ = {isa = PBXBuildFile; fileRef = 3A41839B2776321A004980D6 /* AvatarView.swift */; };
		3A5488E12777A39E004CFC1E /* FriendCell.xib in Resources */ = {isa = PBXBuildFile; fileRef = 3A5488E02777A39E004CFC1E /* FriendCell.xib */; };
		3A66A2EF27A43A0B00DB3BA3 /* FriendPhotoViewController.swift in Sources */ = {isa = PBXBuildFile; fileRef = 3A66A2EE27A43A0B00DB3BA3 /* FriendPhotoViewController.swift */; };
		3A66A2F127A43A8C00DB3BA3 /* ImageScrollView.swift in Sources */ = {isa = PBXBuildFile; fileRef = 3A66A2F027A43A8C00DB3BA3 /* ImageScrollView.swift */; };
		3A66A2F327A43E9B00DB3BA3 /* PhotosFriendCollectionViewController.swift in Sources */ = {isa = PBXBuildFile; fileRef = 3A66A2F227A43E9B00DB3BA3 /* PhotosFriendCollectionViewController.swift */; };
		3A7CE40627A18E0800456157 /* LoadingAnimationTableVC.swift in Sources */ = {isa = PBXBuildFile; fileRef = 3A7CE40527A18E0800456157 /* LoadingAnimationTableVC.swift */; };
		3AB2A8F027735AB3009F07F8 /* UserModel.swift in Sources */ = {isa = PBXBuildFile; fileRef = 3AB2A8EF27735AB3009F07F8 /* UserModel.swift */; };
		3AB2A8F227735AC6009F07F8 /* GroupModel.swift in Sources */ = {isa = PBXBuildFile; fileRef = 3AB2A8F127735AC6009F07F8 /* GroupModel.swift */; };
		3AC5EC3427723C7200644BF2 /* AllGroupsViewController.swift in Sources */ = {isa = PBXBuildFile; fileRef = 3AC5EC3327723C7200644BF2 /* AllGroupsViewController.swift */; };
		3AC5EC392772403800644BF2 /* GroupCell.swift in Sources */ = {isa = PBXBuildFile; fileRef = 3AC5EC372772403800644BF2 /* GroupCell.swift */; };
		3AC5EC3A2772403800644BF2 /* GroupCell.xib in Resources */ = {isa = PBXBuildFile; fileRef = 3AC5EC382772403800644BF2 /* GroupCell.xib */; };
		3AC5EC3D27724E0D00644BF2 /* FriendCell.swift in Sources */ = {isa = PBXBuildFile; fileRef = 3AC5EC3B27724E0D00644BF2 /* FriendCell.swift */; };
		3AC5EC4027724F3100644BF2 /* FriendsSearchViewController.swift in Sources */ = {isa = PBXBuildFile; fileRef = 3AC5EC3F27724F3100644BF2 /* FriendsSearchViewController.swift */; };
		3ACC007D277664D900FDF507 /* Assets.xcassets in Resources */ = {isa = PBXBuildFile; fileRef = 3ACC007C277664D800FDF507 /* Assets.xcassets */; };
		3AEFA832276F44A900DA7F3F /* NavigationViewController.swift in Sources */ = {isa = PBXBuildFile; fileRef = 3AEFA831276F44A900DA7F3F /* NavigationViewController.swift */; };
		3AEFA836276F44FF00DA7F3F /* MyGroupsViewController.swift in Sources */ = {isa = PBXBuildFile; fileRef = 3AEFA835276F44FF00DA7F3F /* MyGroupsViewController.swift */; };
/* End PBXBuildFile section */

/* Begin PBXFileReference section */
		3A130D2327734A3500280256 /* ProfileCollectionCell.swift */ = {isa = PBXFileReference; lastKnownFileType = sourcecode.swift; path = ProfileCollectionCell.swift; sourceTree = "<group>"; };
		3A130D2427734A3500280256 /* ProfileCollectionCell.xib */ = {isa = PBXFileReference; lastKnownFileType = file.xib; path = ProfileCollectionCell.xib; sourceTree = "<group>"; };
		3A130D2727734C4000280256 /* ProfileCollectionViewController.swift */ = {isa = PBXFileReference; lastKnownFileType = sourcecode.swift; name = ProfileCollectionViewController.swift; path = VK/View/ProfileCollectionViewController.swift; sourceTree = SOURCE_ROOT; };
		3A31742A27751C4900FA03CE /* GradientView.swift */ = {isa = PBXFileReference; lastKnownFileType = sourcecode.swift; path = GradientView.swift; sourceTree = "<group>"; };
		3A3F1E93276BDD9D0058FD50 /* VK.app */ = {isa = PBXFileReference; explicitFileType = wrapper.application; includeInIndex = 0; path = VK.app; sourceTree = BUILT_PRODUCTS_DIR; };
		3A3F1E96276BDD9D0058FD50 /* AppDelegate.swift */ = {isa = PBXFileReference; lastKnownFileType = sourcecode.swift; path = AppDelegate.swift; sourceTree = "<group>"; };
		3A3F1E98276BDD9D0058FD50 /* SceneDelegate.swift */ = {isa = PBXFileReference; lastKnownFileType = sourcecode.swift; path = SceneDelegate.swift; sourceTree = "<group>"; };
		3A3F1E9A276BDD9D0058FD50 /* LoginViewController.swift */ = {isa = PBXFileReference; lastKnownFileType = sourcecode.swift; path = LoginViewController.swift; sourceTree = "<group>"; };
		3A3F1EA2276BDD9E0058FD50 /* Base */ = {isa = PBXFileReference; lastKnownFileType = file.storyboard; name = Base; path = Base.lproj/LaunchScreen.storyboard; sourceTree = "<group>"; };
		3A3F1EA4276BDD9E0058FD50 /* Info.plist */ = {isa = PBXFileReference; lastKnownFileType = text.plist.xml; path = Info.plist; sourceTree = "<group>"; };
		3A3F1EAD276BDE640058FD50 /* Main.storyboard */ = {isa = PBXFileReference; fileEncoding = 4; lastKnownFileType = file.storyboard; path = Main.storyboard; sourceTree = "<group>"; };
		3A41839927762C6A004980D6 /* LogoView.swift */ = {isa = PBXFileReference; lastKnownFileType = sourcecode.swift; path = LogoView.swift; sourceTree = "<group>"; };
		3A41839B2776321A004980D6 /* AvatarView.swift */ = {isa = PBXFileReference; lastKnownFileType = sourcecode.swift; path = AvatarView.swift; sourceTree = "<group>"; };
		3A5488E02777A39E004CFC1E /* FriendCell.xib */ = {isa = PBXFileReference; fileEncoding = 4; lastKnownFileType = file.xib; path = FriendCell.xib; sourceTree = "<group>"; };
		3A66A2EE27A43A0B00DB3BA3 /* FriendPhotoViewController.swift */ = {isa = PBXFileReference; lastKnownFileType = sourcecode.swift; name = FriendPhotoViewController.swift; path = VK/View/FriendPhotoViewController.swift; sourceTree = SOURCE_ROOT; };
		3A66A2F027A43A8C00DB3BA3 /* ImageScrollView.swift */ = {isa = PBXFileReference; lastKnownFileType = sourcecode.swift; name = ImageScrollView.swift; path = VK/ViewControllers/ImageScrollView.swift; sourceTree = SOURCE_ROOT; };
		3A66A2F227A43E9B00DB3BA3 /* PhotosFriendCollectionViewController.swift */ = {isa = PBXFileReference; lastKnownFileType = sourcecode.swift; name = PhotosFriendCollectionViewController.swift; path = VK/View/PhotosFriendCollectionViewController.swift; sourceTree = SOURCE_ROOT; };
		3A7CE40527A18E0800456157 /* LoadingAnimationTableVC.swift */ = {isa = PBXFileReference; lastKnownFileType = sourcecode.swift; name = LoadingAnimationTableVC.swift; path = VK/View/LoadingAnimationTableVC.swift; sourceTree = SOURCE_ROOT; };
		3AB2A8EF27735AB3009F07F8 /* UserModel.swift */ = {isa = PBXFileReference; lastKnownFileType = sourcecode.swift; path = UserModel.swift; sourceTree = "<group>"; };
		3AB2A8F127735AC6009F07F8 /* GroupModel.swift */ = {isa = PBXFileReference; lastKnownFileType = sourcecode.swift; path = GroupModel.swift; sourceTree = "<group>"; };
		3AC5EC3327723C7200644BF2 /* AllGroupsViewController.swift */ = {isa = PBXFileReference; lastKnownFileType = sourcecode.swift; name = AllGroupsViewController.swift; path = VK/View/AllGroupsViewController.swift; sourceTree = SOURCE_ROOT; xcLanguageSpecificationIdentifier = xcode.lang.swift; };
		3AC5EC372772403800644BF2 /* GroupCell.swift */ = {isa = PBXFileReference; lastKnownFileType = sourcecode.swift; name = GroupCell.swift; path = VK/View/GroupCell.swift; sourceTree = SOURCE_ROOT; };
		3AC5EC382772403800644BF2 /* GroupCell.xib */ = {isa = PBXFileReference; lastKnownFileType = file.xib; name = GroupCell.xib; path = VK/View/GroupCell.xib; sourceTree = SOURCE_ROOT; };
		3AC5EC3B27724E0D00644BF2 /* FriendCell.swift */ = {isa = PBXFileReference; lastKnownFileType = sourcecode.swift; name = FriendCell.swift; path = VK/View/FriendCell.swift; sourceTree = SOURCE_ROOT; };
		3AC5EC3F27724F3100644BF2 /* FriendsSearchViewController.swift */ = {isa = PBXFileReference; lastKnownFileType = sourcecode.swift; name = FriendsSearchViewController.swift; path = VK/View/FriendsSearchViewController.swift; sourceTree = SOURCE_ROOT; };
		3ACC007C277664D800FDF507 /* Assets.xcassets */ = {isa = PBXFileReference; lastKnownFileType = folder.assetcatalog; path = Assets.xcassets; sourceTree = "<group>"; };
		3AEFA831276F44A900DA7F3F /* NavigationViewController.swift */ = {isa = PBXFileReference; lastKnownFileType = sourcecode.swift; name = NavigationViewController.swift; path = VK/View/NavigationViewController.swift; sourceTree = SOURCE_ROOT; };
		3AEFA835276F44FF00DA7F3F /* MyGroupsViewController.swift */ = {isa = PBXFileReference; lastKnownFileType = sourcecode.swift; name = MyGroupsViewController.swift; path = VK/View/MyGroupsViewController.swift; sourceTree = SOURCE_ROOT; };
/* End PBXFileReference section */

/* Begin PBXFrameworksBuildPhase section */
		3A3F1E90276BDD9D0058FD50 /* Frameworks */ = {
			isa = PBXFrameworksBuildPhase;
			buildActionMask = 2147483647;
			files = (
			);
			runOnlyForDeploymentPostprocessing = 0;
		};
/* End PBXFrameworksBuildPhase section */

/* Begin PBXGroup section */
		3A130D22277349C700280256 /* Collection Cell */ = {
			isa = PBXGroup;
			children = (
				3A130D2327734A3500280256 /* ProfileCollectionCell.swift */,
				3A130D2427734A3500280256 /* ProfileCollectionCell.xib */,
			);
			path = "Collection Cell";
			sourceTree = "<group>";
		};
		3A3F1E8A276BDD9D0058FD50 = {
			isa = PBXGroup;
			children = (
				3A3F1E95276BDD9D0058FD50 /* VK */,
				3A3F1E94276BDD9D0058FD50 /* Products */,
			);
			sourceTree = "<group>";
		};
		3A3F1E94276BDD9D0058FD50 /* Products */ = {
			isa = PBXGroup;
			children = (
				3A3F1E93276BDD9D0058FD50 /* VK.app */,
			);
			name = Products;
			sourceTree = "<group>";
		};
		3A3F1E95276BDD9D0058FD50 /* VK */ = {
			isa = PBXGroup;
			children = (
				3AB2A8EE27735A8C009F07F8 /* Model */,
				3A3F1EAC276BDDD60058FD50 /* Source */,
				3A3F1EAB276BDDC50058FD50 /* ViewControllers */,
				3A3F1EAA276BDDAA0058FD50 /* View */,
				3ACC007C277664D800FDF507 /* Assets.xcassets */,
				3A3F1EA4276BDD9E0058FD50 /* Info.plist */,
			);
			path = VK;
			sourceTree = "<group>";
		};
		3A3F1EAA276BDDAA0058FD50 /* View */ = {
			isa = PBXGroup;
			children = (
				3A66A2F027A43A8C00DB3BA3 /* ImageScrollView.swift */,
				3AC5EC3527723FCC00644BF2 /* Reusable Cells */,
				3A3F1EAD276BDE640058FD50 /* Main.storyboard */,
				3A31742A27751C4900FA03CE /* GradientView.swift */,
				3A41839927762C6A004980D6 /* LogoView.swift */,
				3A41839B2776321A004980D6 /* AvatarView.swift */,
			);
			path = View;
			sourceTree = "<group>";
		};
		3A3F1EAB276BDDC50058FD50 /* ViewControllers */ = {
			isa = PBXGroup;
			children = (
				3A66A2F227A43E9B00DB3BA3 /* PhotosFriendCollectionViewController.swift */,
				3A66A2EE27A43A0B00DB3BA3 /* FriendPhotoViewController.swift */,
				3A7CE40527A18E0800456157 /* LoadingAnimationTableVC.swift */,
				3A130D2727734C4000280256 /* ProfileCollectionViewController.swift */,
				3AC5EC3327723C7200644BF2 /* AllGroupsViewController.swift */,
				3AEFA835276F44FF00DA7F3F /* MyGroupsViewController.swift */,
				3AC5EC3F27724F3100644BF2 /* FriendsSearchViewController.swift */,
				3AEFA831276F44A900DA7F3F /* NavigationViewController.swift */,
				3A3F1E9A276BDD9D0058FD50 /* LoginViewController.swift */,
			);
			path = ViewControllers;
			sourceTree = "<group>";
		};
		3A3F1EAC276BDDD60058FD50 /* Source */ = {
			isa = PBXGroup;
			children = (
				3A3F1E96276BDD9D0058FD50 /* AppDelegate.swift */,
				3A3F1E98276BDD9D0058FD50 /* SceneDelegate.swift */,
				3A3F1EA1276BDD9E0058FD50 /* LaunchScreen.storyboard */,
			);
			path = Source;
			sourceTree = "<group>";
		};
		3AB2A8EE27735A8C009F07F8 /* Model */ = {
			isa = PBXGroup;
			children = (
				3AB2A8EF27735AB3009F07F8 /* UserModel.swift */,
				3AB2A8F127735AC6009F07F8 /* GroupModel.swift */,
			);
			path = Model;
			sourceTree = "<group>";
		};
		3AC5EC3527723FCC00644BF2 /* Reusable Cells */ = {
			isa = PBXGroup;
			children = (
				3A130D22277349C700280256 /* Collection Cell */,
				3AC5EC3627723FDF00644BF2 /* Table Cells */,
			);
			path = "Reusable Cells";
			sourceTree = "<group>";
		};
		3AC5EC3627723FDF00644BF2 /* Table Cells */ = {
			isa = PBXGroup;
			children = (
				3AC5EC3B27724E0D00644BF2 /* FriendCell.swift */,
				3A5488E02777A39E004CFC1E /* FriendCell.xib */,
				3AC5EC372772403800644BF2 /* GroupCell.swift */,
				3AC5EC382772403800644BF2 /* GroupCell.xib */,
			);
			path = "Table Cells";
			sourceTree = "<group>";
		};
/* End PBXGroup section */

/* Begin PBXNativeTarget section */
		3A3F1E92276BDD9D0058FD50 /* VK */ = {
			isa = PBXNativeTarget;
			buildConfigurationList = 3A3F1EA7276BDD9E0058FD50 /* Build configuration list for PBXNativeTarget "VK" */;
			buildPhases = (
				3A3F1E8F276BDD9D0058FD50 /* Sources */,
				3A3F1E90276BDD9D0058FD50 /* Frameworks */,
				3A3F1E91276BDD9D0058FD50 /* Resources */,
			);
			buildRules = (
			);
			dependencies = (
			);
			name = VK;
			productName = VK;
			productReference = 3A3F1E93276BDD9D0058FD50 /* VK.app */;
			productType = "com.apple.product-type.application";
		};
/* End PBXNativeTarget section */

/* Begin PBXProject section */
		3A3F1E8B276BDD9D0058FD50 /* Project object */ = {
			isa = PBXProject;
			attributes = {
				BuildIndependentTargetsInParallel = 1;
				LastSwiftUpdateCheck = 1300;
				LastUpgradeCheck = 1300;
				TargetAttributes = {
					3A3F1E92276BDD9D0058FD50 = {
						CreatedOnToolsVersion = 13.0;
					};
				};
			};
			buildConfigurationList = 3A3F1E8E276BDD9D0058FD50 /* Build configuration list for PBXProject "VK" */;
			compatibilityVersion = "Xcode 13.0";
			developmentRegion = en;
			hasScannedForEncodings = 0;
			knownRegions = (
				en,
				Base,
			);
			mainGroup = 3A3F1E8A276BDD9D0058FD50;
			productRefGroup = 3A3F1E94276BDD9D0058FD50 /* Products */;
			projectDirPath = "";
			projectRoot = "";
			targets = (
				3A3F1E92276BDD9D0058FD50 /* VK */,
			);
		};
/* End PBXProject section */

/* Begin PBXResourcesBuildPhase section */
		3A3F1E91276BDD9D0058FD50 /* Resources */ = {
			isa = PBXResourcesBuildPhase;
			buildActionMask = 2147483647;
			files = (
				3A5488E12777A39E004CFC1E /* FriendCell.xib in Resources */,
				3A3F1EA3276BDD9E0058FD50 /* LaunchScreen.storyboard in Resources */,
				3A3F1EAE276BDE640058FD50 /* Main.storyboard in Resources */,
				3AC5EC3A2772403800644BF2 /* GroupCell.xib in Resources */,
				3ACC007D277664D900FDF507 /* Assets.xcassets in Resources */,
				3A130D2627734A3500280256 /* ProfileCollectionCell.xib in Resources */,
			);
			runOnlyForDeploymentPostprocessing = 0;
		};
/* End PBXResourcesBuildPhase section */

/* Begin PBXSourcesBuildPhase section */
		3A3F1E8F276BDD9D0058FD50 /* Sources */ = {
			isa = PBXSourcesBuildPhase;
			buildActionMask = 2147483647;
			files = (
				3AEFA836276F44FF00DA7F3F /* MyGroupsViewController.swift in Sources */,
				3AB2A8F227735AC6009F07F8 /* GroupModel.swift in Sources */,
				3AEFA832276F44A900DA7F3F /* NavigationViewController.swift in Sources */,
				3A66A2F127A43A8C00DB3BA3 /* ImageScrollView.swift in Sources */,
				3A3F1E9B276BDD9D0058FD50 /* LoginViewController.swift in Sources */,
				3A41839A27762C6A004980D6 /* LogoView.swift in Sources */,
				3A130D2827734C4000280256 /* ProfileCollectionViewController.swift in Sources */,
				3A7CE40627A18E0800456157 /* LoadingAnimationTableVC.swift in Sources */,
				3AB2A8F027735AB3009F07F8 /* UserModel.swift in Sources */,
				3A66A2F327A43E9B00DB3BA3 /* PhotosFriendCollectionViewController.swift in Sources */,
				3A31742B27751C4900FA03CE /* GradientView.swift in Sources */,
				3AC5EC3D27724E0D00644BF2 /* FriendCell.swift in Sources */,
				3A3F1E97276BDD9D0058FD50 /* AppDelegate.swift in Sources */,
				3A66A2EF27A43A0B00DB3BA3 /* FriendPhotoViewController.swift in Sources */,
				3A3F1E99276BDD9D0058FD50 /* SceneDelegate.swift in Sources */,
				3AC5EC3427723C7200644BF2 /* AllGroupsViewController.swift in Sources */,
				3AC5EC4027724F3100644BF2 /* FriendsSearchViewController.swift in Sources */,
				3AC5EC392772403800644BF2 /* GroupCell.swift in Sources */,
				3A41839C2776321A004980D6 /* AvatarView.swift in Sources */,
				3A130D2527734A3500280256 /* ProfileCollectionCell.swift in Sources */,
			);
			runOnlyForDeploymentPostprocessing = 0;
		};
/* End PBXSourcesBuildPhase section */

/* Begin PBXVariantGroup section */
		3A3F1EA1276BDD9E0058FD50 /* LaunchScreen.storyboard */ = {
			isa = PBXVariantGroup;
			children = (
				3A3F1EA2276BDD9E0058FD50 /* Base */,
			);
			name = LaunchScreen.storyboard;
			sourceTree = "<group>";
		};
/* End PBXVariantGroup section */

/* Begin XCBuildConfiguration section */
		3A3F1EA5276BDD9E0058FD50 /* Debug */ = {
			isa = XCBuildConfiguration;
			buildSettings = {
				ALWAYS_SEARCH_USER_PATHS = NO;
				CLANG_ANALYZER_NONNULL = YES;
				CLANG_ANALYZER_NUMBER_OBJECT_CONVERSION = YES_AGGRESSIVE;
				CLANG_CXX_LANGUAGE_STANDARD = "gnu++17";
				CLANG_CXX_LIBRARY = "libc++";
				CLANG_ENABLE_MODULES = YES;
				CLANG_ENABLE_OBJC_ARC = YES;
				CLANG_ENABLE_OBJC_WEAK = YES;
				CLANG_WARN_BLOCK_CAPTURE_AUTORELEASING = YES;
				CLANG_WARN_BOOL_CONVERSION = YES;
				CLANG_WARN_COMMA = YES;
				CLANG_WARN_CONSTANT_CONVERSION = YES;
				CLANG_WARN_DEPRECATED_OBJC_IMPLEMENTATIONS = YES;
				CLANG_WARN_DIRECT_OBJC_ISA_USAGE = YES_ERROR;
				CLANG_WARN_DOCUMENTATION_COMMENTS = YES;
				CLANG_WARN_EMPTY_BODY = YES;
				CLANG_WARN_ENUM_CONVERSION = YES;
				CLANG_WARN_INFINITE_RECURSION = YES;
				CLANG_WARN_INT_CONVERSION = YES;
				CLANG_WARN_NON_LITERAL_NULL_CONVERSION = YES;
				CLANG_WARN_OBJC_IMPLICIT_RETAIN_SELF = YES;
				CLANG_WARN_OBJC_LITERAL_CONVERSION = YES;
				CLANG_WARN_OBJC_ROOT_CLASS = YES_ERROR;
				CLANG_WARN_QUOTED_INCLUDE_IN_FRAMEWORK_HEADER = YES;
				CLANG_WARN_RANGE_LOOP_ANALYSIS = YES;
				CLANG_WARN_STRICT_PROTOTYPES = YES;
				CLANG_WARN_SUSPICIOUS_MOVE = YES;
				CLANG_WARN_UNGUARDED_AVAILABILITY = YES_AGGRESSIVE;
				CLANG_WARN_UNREACHABLE_CODE = YES;
				CLANG_WARN__DUPLICATE_METHOD_MATCH = YES;
				COPY_PHASE_STRIP = NO;
				DEBUG_INFORMATION_FORMAT = dwarf;
				ENABLE_STRICT_OBJC_MSGSEND = YES;
				ENABLE_TESTABILITY = YES;
				GCC_C_LANGUAGE_STANDARD = gnu11;
				GCC_DYNAMIC_NO_PIC = NO;
				GCC_NO_COMMON_BLOCKS = YES;
				GCC_OPTIMIZATION_LEVEL = 0;
				GCC_PREPROCESSOR_DEFINITIONS = (
					"DEBUG=1",
					"$(inherited)",
				);
				GCC_WARN_64_TO_32_BIT_CONVERSION = YES;
				GCC_WARN_ABOUT_RETURN_TYPE = YES_ERROR;
				GCC_WARN_UNDECLARED_SELECTOR = YES;
				GCC_WARN_UNINITIALIZED_AUTOS = YES_AGGRESSIVE;
				GCC_WARN_UNUSED_FUNCTION = YES;
				GCC_WARN_UNUSED_VARIABLE = YES;
				IPHONEOS_DEPLOYMENT_TARGET = 15.0;
				MTL_ENABLE_DEBUG_INFO = INCLUDE_SOURCE;
				MTL_FAST_MATH = YES;
				ONLY_ACTIVE_ARCH = YES;
				SDKROOT = iphoneos;
				SWIFT_ACTIVE_COMPILATION_CONDITIONS = DEBUG;
				SWIFT_OPTIMIZATION_LEVEL = "-Onone";
			};
			name = Debug;
		};
		3A3F1EA6276BDD9E0058FD50 /* Release */ = {
			isa = XCBuildConfiguration;
			buildSettings = {
				ALWAYS_SEARCH_USER_PATHS = NO;
				CLANG_ANALYZER_NONNULL = YES;
				CLANG_ANALYZER_NUMBER_OBJECT_CONVERSION = YES_AGGRESSIVE;
				CLANG_CXX_LANGUAGE_STANDARD = "gnu++17";
				CLANG_CXX_LIBRARY = "libc++";
				CLANG_ENABLE_MODULES = YES;
				CLANG_ENABLE_OBJC_ARC = YES;
				CLANG_ENABLE_OBJC_WEAK = YES;
				CLANG_WARN_BLOCK_CAPTURE_AUTORELEASING = YES;
				CLANG_WARN_BOOL_CONVERSION = YES;
				CLANG_WARN_COMMA = YES;
				CLANG_WARN_CONSTANT_CONVERSION = YES;
				CLANG_WARN_DEPRECATED_OBJC_IMPLEMENTATIONS = YES;
				CLANG_WARN_DIRECT_OBJC_ISA_USAGE = YES_ERROR;
				CLANG_WARN_DOCUMENTATION_COMMENTS = YES;
				CLANG_WARN_EMPTY_BODY = YES;
				CLANG_WARN_ENUM_CONVERSION = YES;
				CLANG_WARN_INFINITE_RECURSION = YES;
				CLANG_WARN_INT_CONVERSION = YES;
				CLANG_WARN_NON_LITERAL_NULL_CONVERSION = YES;
				CLANG_WARN_OBJC_IMPLICIT_RETAIN_SELF = YES;
				CLANG_WARN_OBJC_LITERAL_CONVERSION = YES;
				CLANG_WARN_OBJC_ROOT_CLASS = YES_ERROR;
				CLANG_WARN_QUOTED_INCLUDE_IN_FRAMEWORK_HEADER = YES;
				CLANG_WARN_RANGE_LOOP_ANALYSIS = YES;
				CLANG_WARN_STRICT_PROTOTYPES = YES;
				CLANG_WARN_SUSPICIOUS_MOVE = YES;
				CLANG_WARN_UNGUARDED_AVAILABILITY = YES_AGGRESSIVE;
				CLANG_WARN_UNREACHABLE_CODE = YES;
				CLANG_WARN__DUPLICATE_METHOD_MATCH = YES;
				COPY_PHASE_STRIP = NO;
				DEBUG_INFORMATION_FORMAT = "dwarf-with-dsym";
				ENABLE_NS_ASSERTIONS = NO;
				ENABLE_STRICT_OBJC_MSGSEND = YES;
				GCC_C_LANGUAGE_STANDARD = gnu11;
				GCC_NO_COMMON_BLOCKS = YES;
				GCC_WARN_64_TO_32_BIT_CONVERSION = YES;
				GCC_WARN_ABOUT_RETURN_TYPE = YES_ERROR;
				GCC_WARN_UNDECLARED_SELECTOR = YES;
				GCC_WARN_UNINITIALIZED_AUTOS = YES_AGGRESSIVE;
				GCC_WARN_UNUSED_FUNCTION = YES;
				GCC_WARN_UNUSED_VARIABLE = YES;
				IPHONEOS_DEPLOYMENT_TARGET = 15.0;
				MTL_ENABLE_DEBUG_INFO = NO;
				MTL_FAST_MATH = YES;
				SDKROOT = iphoneos;
				SWIFT_COMPILATION_MODE = wholemodule;
				SWIFT_OPTIMIZATION_LEVEL = "-O";
				VALIDATE_PRODUCT = YES;
			};
			name = Release;
		};
		3A3F1EA8276BDD9E0058FD50 /* Debug */ = {
			isa = XCBuildConfiguration;
			buildSettings = {
				ASSETCATALOG_COMPILER_APPICON_NAME = AppIcon;
				ASSETCATALOG_COMPILER_GLOBAL_ACCENT_COLOR_NAME = AccentColor;
				CODE_SIGN_STYLE = Automatic;
				CURRENT_PROJECT_VERSION = 1;
				DEVELOPMENT_TEAM = 278UYG3PHP;
				GENERATE_INFOPLIST_FILE = YES;
				INFOPLIST_FILE = VK/Info.plist;
				INFOPLIST_KEY_UIApplicationSupportsIndirectInputEvents = YES;
				INFOPLIST_KEY_UILaunchStoryboardName = LaunchScreen;
				INFOPLIST_KEY_UIMainStoryboardFile = Main;
				INFOPLIST_KEY_UISupportedInterfaceOrientations_iPad = "UIInterfaceOrientationPortrait UIInterfaceOrientationPortraitUpsideDown UIInterfaceOrientationLandscapeLeft UIInterfaceOrientationLandscapeRight";
				INFOPLIST_KEY_UISupportedInterfaceOrientations_iPhone = "UIInterfaceOrientationPortrait UIInterfaceOrientationLandscapeLeft UIInterfaceOrientationLandscapeRight";
				LD_RUNPATH_SEARCH_PATHS = (
					"$(inherited)",
					"@executable_path/Frameworks",
				);
				MARKETING_VERSION = 1.0;
				PRODUCT_BUNDLE_IDENTIFIER = "t-polinas.VK";
				PRODUCT_NAME = "$(TARGET_NAME)";
				SWIFT_EMIT_LOC_STRINGS = YES;
				SWIFT_VERSION = 5.0;
				TARGETED_DEVICE_FAMILY = "1,2";
			};
			name = Debug;
		};
		3A3F1EA9276BDD9E0058FD50 /* Release */ = {
			isa = XCBuildConfiguration;
			buildSettings = {
				ASSETCATALOG_COMPILER_APPICON_NAME = AppIcon;
				ASSETCATALOG_COMPILER_GLOBAL_ACCENT_COLOR_NAME = AccentColor;
				CODE_SIGN_STYLE = Automatic;
				CURRENT_PROJECT_VERSION = 1;
				DEVELOPMENT_TEAM = 278UYG3PHP;
				GENERATE_INFOPLIST_FILE = YES;
				INFOPLIST_FILE = VK/Info.plist;
				INFOPLIST_KEY_UIApplicationSupportsIndirectInputEvents = YES;
				INFOPLIST_KEY_UILaunchStoryboardName = LaunchScreen;
				INFOPLIST_KEY_UIMainStoryboardFile = Main;
				INFOPLIST_KEY_UISupportedInterfaceOrientations_iPad = "UIInterfaceOrientationPortrait UIInterfaceOrientationPortraitUpsideDown UIInterfaceOrientationLandscapeLeft UIInterfaceOrientationLandscapeRight";
				INFOPLIST_KEY_UISupportedInterfaceOrientations_iPhone = "UIInterfaceOrientationPortrait UIInterfaceOrientationLandscapeLeft UIInterfaceOrientationLandscapeRight";
				LD_RUNPATH_SEARCH_PATHS = (
					"$(inherited)",
					"@executable_path/Frameworks",
				);
				MARKETING_VERSION = 1.0;
				PRODUCT_BUNDLE_IDENTIFIER = "t-polinas.VK";
				PRODUCT_NAME = "$(TARGET_NAME)";
				SWIFT_EMIT_LOC_STRINGS = YES;
				SWIFT_VERSION = 5.0;
				TARGETED_DEVICE_FAMILY = "1,2";
			};
			name = Release;
		};
/* End XCBuildConfiguration section */

/* Begin XCConfigurationList section */
		3A3F1E8E276BDD9D0058FD50 /* Build configuration list for PBXProject "VK" */ = {
			isa = XCConfigurationList;
			buildConfigurations = (
				3A3F1EA5276BDD9E0058FD50 /* Debug */,
				3A3F1EA6276BDD9E0058FD50 /* Release */,
			);
			defaultConfigurationIsVisible = 0;
			defaultConfigurationName = Release;
		};
		3A3F1EA7276BDD9E0058FD50 /* Build configuration list for PBXNativeTarget "VK" */ = {
			isa = XCConfigurationList;
			buildConfigurations = (
				3A3F1EA8276BDD9E0058FD50 /* Debug */,
				3A3F1EA9276BDD9E0058FD50 /* Release */,
			);
			defaultConfigurationIsVisible = 0;
			defaultConfigurationName = Release;
		};
/* End XCConfigurationList section */
	};
	rootObject = 3A3F1E8B276BDD9D0058FD50 /* Project object */;
}
